// !$*UTF8*$!
{
	archiveVersion = 1;
	classes = {
	};
	objectVersion = 54;
	objects = {

/* Begin PBXBuildFile section */
		1498D2341E8E89220040F4C2 /* GeneratedPluginRegistrant.m in Sources */ = {isa = PBXBuildFile; fileRef = 1498D2331E8E89220040F4C2 /* GeneratedPluginRegistrant.m */; };
		3B3967161E833CAA004F5970 /* AppFrameworkInfo.plist in Resources */ = {isa = PBXBuildFile; fileRef = 3B3967151E833CAA004F5970 /* AppFrameworkInfo.plist */; };
		3C777C4E7FAED9219A010D6D /* Pods_Runner.framework in Frameworks */ = {isa = PBXBuildFile; fileRef = 721FF0A0A9F39DC812E3EF3C /* Pods_Runner.framework */; };
		74858FAF1ED2DC5600515810 /* AppDelegate.swift in Sources */ = {isa = PBXBuildFile; fileRef = 74858FAE1ED2DC5600515810 /* AppDelegate.swift */; };
		8A2CE6F3261AA62600F08FC4 /* Interface.storyboard in Resources */ = {isa = PBXBuildFile; fileRef = 8A2CE6F1261AA62600F08FC4 /* Interface.storyboard */; };
		8A2CE6F5261AA62700F08FC4 /* Assets.xcassets in Resources */ = {isa = PBXBuildFile; fileRef = 8A2CE6F4261AA62700F08FC4 /* Assets.xcassets */; };
		8A2CE6FC261AA62700F08FC4 /* watchExtension Extension.appex in Embed App Extensions */ = {isa = PBXBuildFile; fileRef = 8A2CE6FB261AA62700F08FC4 /* watchExtension Extension.appex */; settings = {ATTRIBUTES = (RemoveHeadersOnCopy, ); }; };
		8A2CE701261AA62700F08FC4 /* InterfaceController.swift in Sources */ = {isa = PBXBuildFile; fileRef = 8A2CE700261AA62700F08FC4 /* InterfaceController.swift */; };
		8A2CE703261AA62700F08FC4 /* ExtensionDelegate.swift in Sources */ = {isa = PBXBuildFile; fileRef = 8A2CE702261AA62700F08FC4 /* ExtensionDelegate.swift */; };
		8A2CE705261AA62700F08FC4 /* ComplicationController.swift in Sources */ = {isa = PBXBuildFile; fileRef = 8A2CE704261AA62700F08FC4 /* ComplicationController.swift */; };
		8A2CE707261AA62700F08FC4 /* Assets.xcassets in Resources */ = {isa = PBXBuildFile; fileRef = 8A2CE706261AA62700F08FC4 /* Assets.xcassets */; };
		8A2CE70B261AA62700F08FC4 /* watchExtension.app in Embed Watch Content */ = {isa = PBXBuildFile; fileRef = 8A2CE6EF261AA62600F08FC4 /* watchExtension.app */; settings = {ATTRIBUTES = (RemoveHeadersOnCopy, ); }; };
		8A4B6C8C26298CF600D16369 /* Interface.storyboard in Resources */ = {isa = PBXBuildFile; fileRef = 8A2CE6F1261AA62600F08FC4 /* Interface.storyboard */; };
		8A4B6CBC2629919B00D16369 /* Localizable.strings in Resources */ = {isa = PBXBuildFile; fileRef = 8A4B6CBA2629919B00D16369 /* Localizable.strings */; };
		8A71C052261AC81F00E05213 /* NSImage+.swift in Sources */ = {isa = PBXBuildFile; fileRef = 8A71C04E261AC81F00E05213 /* NSImage+.swift */; };
		8A71C053261AC81F00E05213 /* NSColor+.swift in Sources */ = {isa = PBXBuildFile; fileRef = 8A71C04F261AC81F00E05213 /* NSColor+.swift */; };
		8A71C054261AC81F00E05213 /* UIImage+.swift in Sources */ = {isa = PBXBuildFile; fileRef = 8A71C050261AC81F00E05213 /* UIImage+.swift */; };
		8A71C055261AC81F00E05213 /* UIColor+.swift in Sources */ = {isa = PBXBuildFile; fileRef = 8A71C051261AC81F00E05213 /* UIColor+.swift */; };
		8A71C069261AC82A00E05213 /* BinaryFloatingPoint+.swift in Sources */ = {isa = PBXBuildFile; fileRef = 8A71C059261AC82900E05213 /* BinaryFloatingPoint+.swift */; };
		8A71C06A261AC82A00E05213 /* EFUIntPixel.swift in Sources */ = {isa = PBXBuildFile; fileRef = 8A71C05A261AC82900E05213 /* EFUIntPixel.swift */; };
		8A71C06B261AC82A00E05213 /* BinaryInteger+.swift in Sources */ = {isa = PBXBuildFile; fileRef = 8A71C05B261AC82900E05213 /* BinaryInteger+.swift */; };
		8A71C06C261AC82A00E05213 /* EFQRCode.swift in Sources */ = {isa = PBXBuildFile; fileRef = 8A71C05C261AC82900E05213 /* EFQRCode.swift */; };
		8A71C06D261AC82A00E05213 /* EFPointShape.swift in Sources */ = {isa = PBXBuildFile; fileRef = 8A71C05D261AC82900E05213 /* EFPointShape.swift */; };
		8A71C06E261AC82A00E05213 /* EFQRCodeGenerator.swift in Sources */ = {isa = PBXBuildFile; fileRef = 8A71C05E261AC82900E05213 /* EFQRCodeGenerator.swift */; };
		8A71C06F261AC82A00E05213 /* CIColor+.swift in Sources */ = {isa = PBXBuildFile; fileRef = 8A71C05F261AC82900E05213 /* CIColor+.swift */; };
		8A71C070261AC82A00E05213 /* EFWatermarkMode.swift in Sources */ = {isa = PBXBuildFile; fileRef = 8A71C060261AC82900E05213 /* EFWatermarkMode.swift */; };
		8A71C071261AC82A00E05213 /* EFInputCorrectionLevel.swift in Sources */ = {isa = PBXBuildFile; fileRef = 8A71C061261AC82900E05213 /* EFInputCorrectionLevel.swift */; };
		8A71C072261AC82A00E05213 /* EFIntSize.swift in Sources */ = {isa = PBXBuildFile; fileRef = 8A71C062261AC82900E05213 /* EFIntSize.swift */; };
		8A71C073261AC82A00E05213 /* CIImage+.swift in Sources */ = {isa = PBXBuildFile; fileRef = 8A71C063261AC82A00E05213 /* CIImage+.swift */; };
		8A71C074261AC82A00E05213 /* CGColor+.swift in Sources */ = {isa = PBXBuildFile; fileRef = 8A71C064261AC82A00E05213 /* CGColor+.swift */; };
		8A71C075261AC82A00E05213 /* EFQRCodeMode.swift in Sources */ = {isa = PBXBuildFile; fileRef = 8A71C065261AC82A00E05213 /* EFQRCodeMode.swift */; };
		8A71C076261AC82A00E05213 /* EFQRCodeRecognizer.swift in Sources */ = {isa = PBXBuildFile; fileRef = 8A71C066261AC82A00E05213 /* EFQRCodeRecognizer.swift */; };
		8A71C077261AC82A00E05213 /* CGImage+.swift in Sources */ = {isa = PBXBuildFile; fileRef = 8A71C067261AC82A00E05213 /* CGImage+.swift */; };
		8A71C078261AC82A00E05213 /* EFQRCode+GIF.swift in Sources */ = {isa = PBXBuildFile; fileRef = 8A71C068261AC82A00E05213 /* EFQRCode+GIF.swift */; };
		8A71C08A261AC85A00E05213 /* QRCode.swift in Sources */ = {isa = PBXBuildFile; fileRef = 8A71C07B261AC85800E05213 /* QRCode.swift */; };
		8A71C08B261AC85A00E05213 /* QRBitBuffer.swift in Sources */ = {isa = PBXBuildFile; fileRef = 8A71C07C261AC85800E05213 /* QRBitBuffer.swift */; };
		8A71C08C261AC85A00E05213 /* QRPatternLocator.swift in Sources */ = {isa = PBXBuildFile; fileRef = 8A71C07E261AC85900E05213 /* QRPatternLocator.swift */; };
		8A71C08D261AC85A00E05213 /* QRRSBlock.swift in Sources */ = {isa = PBXBuildFile; fileRef = 8A71C07F261AC85900E05213 /* QRRSBlock.swift */; };
		8A71C08E261AC85A00E05213 /* QRMaskPattern.swift in Sources */ = {isa = PBXBuildFile; fileRef = 8A71C080261AC85900E05213 /* QRMaskPattern.swift */; };
		8A71C08F261AC85A00E05213 /* QRPolynomial.swift in Sources */ = {isa = PBXBuildFile; fileRef = 8A71C081261AC85900E05213 /* QRPolynomial.swift */; };
		8A71C090261AC85A00E05213 /* QRErrorCorrectLevel.swift in Sources */ = {isa = PBXBuildFile; fileRef = 8A71C082261AC85900E05213 /* QRErrorCorrectLevel.swift */; };
		8A71C091261AC85A00E05213 /* QRMath.swift in Sources */ = {isa = PBXBuildFile; fileRef = 8A71C083261AC85900E05213 /* QRMath.swift */; };
		8A71C092261AC85A00E05213 /* QR8bitByte.swift in Sources */ = {isa = PBXBuildFile; fileRef = 8A71C084261AC85900E05213 /* QR8bitByte.swift */; };
		8A71C093261AC85A00E05213 /* QRCodeType.swift in Sources */ = {isa = PBXBuildFile; fileRef = 8A71C085261AC85900E05213 /* QRCodeType.swift */; };
		8A71C094261AC85A00E05213 /* BCHUtil.swift in Sources */ = {isa = PBXBuildFile; fileRef = 8A71C086261AC85900E05213 /* BCHUtil.swift */; };
		8A71C095261AC85A00E05213 /* AnError.swift in Sources */ = {isa = PBXBuildFile; fileRef = 8A71C087261AC85900E05213 /* AnError.swift */; };
		8A71C096261AC85A00E05213 /* QRCodeModel.swift in Sources */ = {isa = PBXBuildFile; fileRef = 8A71C088261AC85900E05213 /* QRCodeModel.swift */; };
		8A71C097261AC85A00E05213 /* QRMode.swift in Sources */ = {isa = PBXBuildFile; fileRef = 8A71C089261AC85A00E05213 /* QRMode.swift */; };
		8AAA75822657A6230053E836 /* GoogleService-Info.plist in Resources */ = {isa = PBXBuildFile; fileRef = 8AAA75812657A6230053E836 /* GoogleService-Info.plist */; };
		8AAA75832657A6230053E836 /* GoogleService-Info.plist in Resources */ = {isa = PBXBuildFile; fileRef = 8AAA75812657A6230053E836 /* GoogleService-Info.plist */; };
		8AAA75842657A6230053E836 /* GoogleService-Info.plist in Resources */ = {isa = PBXBuildFile; fileRef = 8AAA75812657A6230053E836 /* GoogleService-Info.plist */; };
		97C146FC1CF9000F007C117D /* Main.storyboard in Resources */ = {isa = PBXBuildFile; fileRef = 97C146FA1CF9000F007C117D /* Main.storyboard */; };
		97C146FE1CF9000F007C117D /* Assets.xcassets in Resources */ = {isa = PBXBuildFile; fileRef = 97C146FD1CF9000F007C117D /* Assets.xcassets */; };
		97C147011CF9000F007C117D /* LaunchScreen.storyboard in Resources */ = {isa = PBXBuildFile; fileRef = 97C146FF1CF9000F007C117D /* LaunchScreen.storyboard */; };
/* End PBXBuildFile section */

/* Begin PBXContainerItemProxy section */
		8A2CE6FD261AA62700F08FC4 /* PBXContainerItemProxy */ = {
			isa = PBXContainerItemProxy;
			containerPortal = 97C146E61CF9000F007C117D /* Project object */;
			proxyType = 1;
			remoteGlobalIDString = 8A2CE6FA261AA62700F08FC4;
			remoteInfo = "watchExtension Extension";
		};
		8A2CE709261AA62700F08FC4 /* PBXContainerItemProxy */ = {
			isa = PBXContainerItemProxy;
			containerPortal = 97C146E61CF9000F007C117D /* Project object */;
			proxyType = 1;
			remoteGlobalIDString = 8A2CE6EE261AA62600F08FC4;
			remoteInfo = watchExtension;
		};
/* End PBXContainerItemProxy section */

/* Begin PBXCopyFilesBuildPhase section */
		8A2CE70C261AA62700F08FC4 /* Embed Watch Content */ = {
			isa = PBXCopyFilesBuildPhase;
			buildActionMask = 2147483647;
			dstPath = "$(CONTENTS_FOLDER_PATH)/Watch";
			dstSubfolderSpec = 16;
			files = (
				8A2CE70B261AA62700F08FC4 /* watchExtension.app in Embed Watch Content */,
			);
			name = "Embed Watch Content";
			runOnlyForDeploymentPostprocessing = 0;
		};
		8A2CE710261AA62700F08FC4 /* Embed App Extensions */ = {
			isa = PBXCopyFilesBuildPhase;
			buildActionMask = 2147483647;
			dstPath = "";
			dstSubfolderSpec = 13;
			files = (
				8A2CE6FC261AA62700F08FC4 /* watchExtension Extension.appex in Embed App Extensions */,
			);
			name = "Embed App Extensions";
			runOnlyForDeploymentPostprocessing = 0;
		};
		9705A1C41CF9048500538489 /* Embed Frameworks */ = {
			isa = PBXCopyFilesBuildPhase;
			buildActionMask = 2147483647;
			dstPath = "";
			dstSubfolderSpec = 10;
			files = (
			);
			name = "Embed Frameworks";
			runOnlyForDeploymentPostprocessing = 0;
		};
/* End PBXCopyFilesBuildPhase section */

/* Begin PBXFileReference section */
		1498D2321E8E86230040F4C2 /* GeneratedPluginRegistrant.h */ = {isa = PBXFileReference; lastKnownFileType = sourcecode.c.h; path = GeneratedPluginRegistrant.h; sourceTree = "<group>"; };
		1498D2331E8E89220040F4C2 /* GeneratedPluginRegistrant.m */ = {isa = PBXFileReference; fileEncoding = 4; lastKnownFileType = sourcecode.c.objc; path = GeneratedPluginRegistrant.m; sourceTree = "<group>"; };
		1AA319AA25EE71BB00BF9D7C /* Runner.entitlements */ = {isa = PBXFileReference; lastKnownFileType = text.plist.entitlements; path = Runner.entitlements; sourceTree = "<group>"; };
		3B3967151E833CAA004F5970 /* AppFrameworkInfo.plist */ = {isa = PBXFileReference; fileEncoding = 4; lastKnownFileType = text.plist.xml; name = AppFrameworkInfo.plist; path = Flutter/AppFrameworkInfo.plist; sourceTree = "<group>"; };
		7085F808E7DEFE680DDA0481 /* Pods-Runner.release.xcconfig */ = {isa = PBXFileReference; includeInIndex = 1; lastKnownFileType = text.xcconfig; name = "Pods-Runner.release.xcconfig"; path = "Target Support Files/Pods-Runner/Pods-Runner.release.xcconfig"; sourceTree = "<group>"; };
		721FF0A0A9F39DC812E3EF3C /* Pods_Runner.framework */ = {isa = PBXFileReference; explicitFileType = wrapper.framework; includeInIndex = 0; path = Pods_Runner.framework; sourceTree = BUILT_PRODUCTS_DIR; };
		74858FAD1ED2DC5600515810 /* Runner-Bridging-Header.h */ = {isa = PBXFileReference; lastKnownFileType = sourcecode.c.h; path = "Runner-Bridging-Header.h"; sourceTree = "<group>"; };
		74858FAE1ED2DC5600515810 /* AppDelegate.swift */ = {isa = PBXFileReference; fileEncoding = 4; lastKnownFileType = sourcecode.swift; path = AppDelegate.swift; sourceTree = "<group>"; };
		7AFA3C8E1D35360C0083082E /* Release.xcconfig */ = {isa = PBXFileReference; lastKnownFileType = text.xcconfig; name = Release.xcconfig; path = Flutter/Release.xcconfig; sourceTree = "<group>"; };
		849CFBC0ED69B77B5397835E /* Pods-Runner.profile.xcconfig */ = {isa = PBXFileReference; includeInIndex = 1; lastKnownFileType = text.xcconfig; name = "Pods-Runner.profile.xcconfig"; path = "Target Support Files/Pods-Runner/Pods-Runner.profile.xcconfig"; sourceTree = "<group>"; };
		8A2CE6EF261AA62600F08FC4 /* watchExtension.app */ = {isa = PBXFileReference; explicitFileType = wrapper.application; includeInIndex = 0; path = watchExtension.app; sourceTree = BUILT_PRODUCTS_DIR; };
		8A2CE6F2261AA62600F08FC4 /* Base */ = {isa = PBXFileReference; lastKnownFileType = file.storyboard; name = Base; path = Base.lproj/Interface.storyboard; sourceTree = "<group>"; };
		8A2CE6F4261AA62700F08FC4 /* Assets.xcassets */ = {isa = PBXFileReference; lastKnownFileType = folder.assetcatalog; path = Assets.xcassets; sourceTree = "<group>"; };
		8A2CE6F6261AA62700F08FC4 /* Info.plist */ = {isa = PBXFileReference; lastKnownFileType = text.plist.xml; path = Info.plist; sourceTree = "<group>"; };
		8A2CE6FB261AA62700F08FC4 /* watchExtension Extension.appex */ = {isa = PBXFileReference; explicitFileType = "wrapper.app-extension"; includeInIndex = 0; path = "watchExtension Extension.appex"; sourceTree = BUILT_PRODUCTS_DIR; };
		8A2CE700261AA62700F08FC4 /* InterfaceController.swift */ = {isa = PBXFileReference; lastKnownFileType = sourcecode.swift; path = InterfaceController.swift; sourceTree = "<group>"; };
		8A2CE702261AA62700F08FC4 /* ExtensionDelegate.swift */ = {isa = PBXFileReference; lastKnownFileType = sourcecode.swift; path = ExtensionDelegate.swift; sourceTree = "<group>"; };
		8A2CE704261AA62700F08FC4 /* ComplicationController.swift */ = {isa = PBXFileReference; lastKnownFileType = sourcecode.swift; path = ComplicationController.swift; sourceTree = "<group>"; };
		8A2CE706261AA62700F08FC4 /* Assets.xcassets */ = {isa = PBXFileReference; lastKnownFileType = folder.assetcatalog; path = Assets.xcassets; sourceTree = "<group>"; };
		8A2CE708261AA62700F08FC4 /* Info.plist */ = {isa = PBXFileReference; lastKnownFileType = text.plist.xml; path = Info.plist; sourceTree = "<group>"; };
		8A4B6CBB2629919B00D16369 /* Base */ = {isa = PBXFileReference; lastKnownFileType = text.plist.strings; name = Base; path = Base.lproj/Localizable.strings; sourceTree = "<group>"; };
		8A4B6CBF262991B000D16369 /* zh-Hans */ = {isa = PBXFileReference; lastKnownFileType = text.plist.strings; name = "zh-Hans"; path = "zh-Hans.lproj/Localizable.strings"; sourceTree = "<group>"; };
		8A71C04E261AC81F00E05213 /* NSImage+.swift */ = {isa = PBXFileReference; fileEncoding = 4; lastKnownFileType = sourcecode.swift; path = "NSImage+.swift"; sourceTree = "<group>"; };
		8A71C04F261AC81F00E05213 /* NSColor+.swift */ = {isa = PBXFileReference; fileEncoding = 4; lastKnownFileType = sourcecode.swift; path = "NSColor+.swift"; sourceTree = "<group>"; };
		8A71C050261AC81F00E05213 /* UIImage+.swift */ = {isa = PBXFileReference; fileEncoding = 4; lastKnownFileType = sourcecode.swift; path = "UIImage+.swift"; sourceTree = "<group>"; };
		8A71C051261AC81F00E05213 /* UIColor+.swift */ = {isa = PBXFileReference; fileEncoding = 4; lastKnownFileType = sourcecode.swift; path = "UIColor+.swift"; sourceTree = "<group>"; };
		8A71C058261AC82900E05213 /* EFQRCode.h */ = {isa = PBXFileReference; fileEncoding = 4; lastKnownFileType = sourcecode.c.h; path = EFQRCode.h; sourceTree = "<group>"; };
		8A71C059261AC82900E05213 /* BinaryFloatingPoint+.swift */ = {isa = PBXFileReference; fileEncoding = 4; lastKnownFileType = sourcecode.swift; path = "BinaryFloatingPoint+.swift"; sourceTree = "<group>"; };
		8A71C05A261AC82900E05213 /* EFUIntPixel.swift */ = {isa = PBXFileReference; fileEncoding = 4; lastKnownFileType = sourcecode.swift; path = EFUIntPixel.swift; sourceTree = "<group>"; };
		8A71C05B261AC82900E05213 /* BinaryInteger+.swift */ = {isa = PBXFileReference; fileEncoding = 4; lastKnownFileType = sourcecode.swift; path = "BinaryInteger+.swift"; sourceTree = "<group>"; };
		8A71C05C261AC82900E05213 /* EFQRCode.swift */ = {isa = PBXFileReference; fileEncoding = 4; lastKnownFileType = sourcecode.swift; path = EFQRCode.swift; sourceTree = "<group>"; };
		8A71C05D261AC82900E05213 /* EFPointShape.swift */ = {isa = PBXFileReference; fileEncoding = 4; lastKnownFileType = sourcecode.swift; path = EFPointShape.swift; sourceTree = "<group>"; };
		8A71C05E261AC82900E05213 /* EFQRCodeGenerator.swift */ = {isa = PBXFileReference; fileEncoding = 4; lastKnownFileType = sourcecode.swift; path = EFQRCodeGenerator.swift; sourceTree = "<group>"; };
		8A71C05F261AC82900E05213 /* CIColor+.swift */ = {isa = PBXFileReference; fileEncoding = 4; lastKnownFileType = sourcecode.swift; path = "CIColor+.swift"; sourceTree = "<group>"; };
		8A71C060261AC82900E05213 /* EFWatermarkMode.swift */ = {isa = PBXFileReference; fileEncoding = 4; lastKnownFileType = sourcecode.swift; path = EFWatermarkMode.swift; sourceTree = "<group>"; };
		8A71C061261AC82900E05213 /* EFInputCorrectionLevel.swift */ = {isa = PBXFileReference; fileEncoding = 4; lastKnownFileType = sourcecode.swift; path = EFInputCorrectionLevel.swift; sourceTree = "<group>"; };
		8A71C062261AC82900E05213 /* EFIntSize.swift */ = {isa = PBXFileReference; fileEncoding = 4; lastKnownFileType = sourcecode.swift; path = EFIntSize.swift; sourceTree = "<group>"; };
		8A71C063261AC82A00E05213 /* CIImage+.swift */ = {isa = PBXFileReference; fileEncoding = 4; lastKnownFileType = sourcecode.swift; path = "CIImage+.swift"; sourceTree = "<group>"; };
		8A71C064261AC82A00E05213 /* CGColor+.swift */ = {isa = PBXFileReference; fileEncoding = 4; lastKnownFileType = sourcecode.swift; path = "CGColor+.swift"; sourceTree = "<group>"; };
		8A71C065261AC82A00E05213 /* EFQRCodeMode.swift */ = {isa = PBXFileReference; fileEncoding = 4; lastKnownFileType = sourcecode.swift; path = EFQRCodeMode.swift; sourceTree = "<group>"; };
		8A71C066261AC82A00E05213 /* EFQRCodeRecognizer.swift */ = {isa = PBXFileReference; fileEncoding = 4; lastKnownFileType = sourcecode.swift; path = EFQRCodeRecognizer.swift; sourceTree = "<group>"; };
		8A71C067261AC82A00E05213 /* CGImage+.swift */ = {isa = PBXFileReference; fileEncoding = 4; lastKnownFileType = sourcecode.swift; path = "CGImage+.swift"; sourceTree = "<group>"; };
		8A71C068261AC82A00E05213 /* EFQRCode+GIF.swift */ = {isa = PBXFileReference; fileEncoding = 4; lastKnownFileType = sourcecode.swift; path = "EFQRCode+GIF.swift"; sourceTree = "<group>"; };
		8A71C07B261AC85800E05213 /* QRCode.swift */ = {isa = PBXFileReference; fileEncoding = 4; lastKnownFileType = sourcecode.swift; path = QRCode.swift; sourceTree = "<group>"; };
		8A71C07C261AC85800E05213 /* QRBitBuffer.swift */ = {isa = PBXFileReference; fileEncoding = 4; lastKnownFileType = sourcecode.swift; path = QRBitBuffer.swift; sourceTree = "<group>"; };
		8A71C07D261AC85900E05213 /* swift_qrcodejs.h */ = {isa = PBXFileReference; fileEncoding = 4; lastKnownFileType = sourcecode.c.h; path = swift_qrcodejs.h; sourceTree = "<group>"; };
		8A71C07E261AC85900E05213 /* QRPatternLocator.swift */ = {isa = PBXFileReference; fileEncoding = 4; lastKnownFileType = sourcecode.swift; path = QRPatternLocator.swift; sourceTree = "<group>"; };
		8A71C07F261AC85900E05213 /* QRRSBlock.swift */ = {isa = PBXFileReference; fileEncoding = 4; lastKnownFileType = sourcecode.swift; path = QRRSBlock.swift; sourceTree = "<group>"; };
		8A71C080261AC85900E05213 /* QRMaskPattern.swift */ = {isa = PBXFileReference; fileEncoding = 4; lastKnownFileType = sourcecode.swift; path = QRMaskPattern.swift; sourceTree = "<group>"; };
		8A71C081261AC85900E05213 /* QRPolynomial.swift */ = {isa = PBXFileReference; fileEncoding = 4; lastKnownFileType = sourcecode.swift; path = QRPolynomial.swift; sourceTree = "<group>"; };
		8A71C082261AC85900E05213 /* QRErrorCorrectLevel.swift */ = {isa = PBXFileReference; fileEncoding = 4; lastKnownFileType = sourcecode.swift; path = QRErrorCorrectLevel.swift; sourceTree = "<group>"; };
		8A71C083261AC85900E05213 /* QRMath.swift */ = {isa = PBXFileReference; fileEncoding = 4; lastKnownFileType = sourcecode.swift; path = QRMath.swift; sourceTree = "<group>"; };
		8A71C084261AC85900E05213 /* QR8bitByte.swift */ = {isa = PBXFileReference; fileEncoding = 4; lastKnownFileType = sourcecode.swift; path = QR8bitByte.swift; sourceTree = "<group>"; };
		8A71C085261AC85900E05213 /* QRCodeType.swift */ = {isa = PBXFileReference; fileEncoding = 4; lastKnownFileType = sourcecode.swift; path = QRCodeType.swift; sourceTree = "<group>"; };
		8A71C086261AC85900E05213 /* BCHUtil.swift */ = {isa = PBXFileReference; fileEncoding = 4; lastKnownFileType = sourcecode.swift; path = BCHUtil.swift; sourceTree = "<group>"; };
		8A71C087261AC85900E05213 /* AnError.swift */ = {isa = PBXFileReference; fileEncoding = 4; lastKnownFileType = sourcecode.swift; path = AnError.swift; sourceTree = "<group>"; };
		8A71C088261AC85900E05213 /* QRCodeModel.swift */ = {isa = PBXFileReference; fileEncoding = 4; lastKnownFileType = sourcecode.swift; path = QRCodeModel.swift; sourceTree = "<group>"; };
		8A71C089261AC85A00E05213 /* QRMode.swift */ = {isa = PBXFileReference; fileEncoding = 4; lastKnownFileType = sourcecode.swift; path = QRMode.swift; sourceTree = "<group>"; };
		8AAA75812657A6230053E836 /* GoogleService-Info.plist */ = {isa = PBXFileReference; fileEncoding = 4; lastKnownFileType = text.plist.xml; path = "GoogleService-Info.plist"; sourceTree = "<group>"; };
		8AD96B9F261DAD0C0081F6F4 /* zh-Hans */ = {isa = PBXFileReference; lastKnownFileType = text.plist.strings; name = "zh-Hans"; path = "zh-Hans.lproj/Main.strings"; sourceTree = "<group>"; };
		8AD96BA0261DAD0C0081F6F4 /* zh-Hans */ = {isa = PBXFileReference; lastKnownFileType = text.plist.strings; name = "zh-Hans"; path = "zh-Hans.lproj/LaunchScreen.strings"; sourceTree = "<group>"; };
		8AD96BA1261DAD0C0081F6F4 /* zh-Hans */ = {isa = PBXFileReference; lastKnownFileType = text.plist.strings; name = "zh-Hans"; path = "zh-Hans.lproj/Interface.strings"; sourceTree = "<group>"; };
		9740EEB21CF90195004384FC /* Debug.xcconfig */ = {isa = PBXFileReference; fileEncoding = 4; lastKnownFileType = text.xcconfig; name = Debug.xcconfig; path = Flutter/Debug.xcconfig; sourceTree = "<group>"; };
		9740EEB31CF90195004384FC /* Generated.xcconfig */ = {isa = PBXFileReference; fileEncoding = 4; lastKnownFileType = text.xcconfig; name = Generated.xcconfig; path = Flutter/Generated.xcconfig; sourceTree = "<group>"; };
		97C146EE1CF9000F007C117D /* Runner.app */ = {isa = PBXFileReference; explicitFileType = wrapper.application; includeInIndex = 0; path = Runner.app; sourceTree = BUILT_PRODUCTS_DIR; };
		97C146FB1CF9000F007C117D /* Base */ = {isa = PBXFileReference; lastKnownFileType = file.storyboard; name = Base; path = Base.lproj/Main.storyboard; sourceTree = "<group>"; };
		97C146FD1CF9000F007C117D /* Assets.xcassets */ = {isa = PBXFileReference; lastKnownFileType = folder.assetcatalog; path = Assets.xcassets; sourceTree = "<group>"; };
		97C147001CF9000F007C117D /* Base */ = {isa = PBXFileReference; lastKnownFileType = file.storyboard; name = Base; path = Base.lproj/LaunchScreen.storyboard; sourceTree = "<group>"; };
		97C147021CF9000F007C117D /* Info.plist */ = {isa = PBXFileReference; lastKnownFileType = text.plist.xml; path = Info.plist; sourceTree = "<group>"; };
		DB2748B572927C9CC0D8B2D1 /* Pods-Runner.debug.xcconfig */ = {isa = PBXFileReference; includeInIndex = 1; lastKnownFileType = text.xcconfig; name = "Pods-Runner.debug.xcconfig"; path = "Target Support Files/Pods-Runner/Pods-Runner.debug.xcconfig"; sourceTree = "<group>"; };
/* End PBXFileReference section */

/* Begin PBXFrameworksBuildPhase section */
		0E6EA05EFCEF621C82980CE1 /* Frameworks */ = {
			isa = PBXFrameworksBuildPhase;
			buildActionMask = 2147483647;
			files = (
			);
			runOnlyForDeploymentPostprocessing = 0;
		};
		8A2CE6F8261AA62700F08FC4 /* Frameworks */ = {
			isa = PBXFrameworksBuildPhase;
			buildActionMask = 2147483647;
			files = (
			);
			runOnlyForDeploymentPostprocessing = 0;
		};
		97C146EB1CF9000F007C117D /* Frameworks */ = {
			isa = PBXFrameworksBuildPhase;
			buildActionMask = 2147483647;
			files = (
				3C777C4E7FAED9219A010D6D /* Pods_Runner.framework in Frameworks */,
			);
			runOnlyForDeploymentPostprocessing = 0;
		};
/* End PBXFrameworksBuildPhase section */

/* Begin PBXGroup section */
		5B257E0178CBC7669A350FEC /* Pods */ = {
			isa = PBXGroup;
			children = (
				DB2748B572927C9CC0D8B2D1 /* Pods-Runner.debug.xcconfig */,
				7085F808E7DEFE680DDA0481 /* Pods-Runner.release.xcconfig */,
				849CFBC0ED69B77B5397835E /* Pods-Runner.profile.xcconfig */,
			);
			path = Pods;
			sourceTree = "<group>";
		};
		62387F93BC4C1EC6BF8FC43F /* Frameworks */ = {
			isa = PBXGroup;
			children = (
				721FF0A0A9F39DC812E3EF3C /* Pods_Runner.framework */,
			);
			name = Frameworks;
			sourceTree = "<group>";
		};
		8A2CE6F0261AA62600F08FC4 /* watchExtension */ = {
			isa = PBXGroup;
			children = (
				8A2CE6F1261AA62600F08FC4 /* Interface.storyboard */,
				8A2CE6F4261AA62700F08FC4 /* Assets.xcassets */,
				8A2CE6F6261AA62700F08FC4 /* Info.plist */,
			);
			path = watchExtension;
			sourceTree = "<group>";
		};
		8A2CE6FF261AA62700F08FC4 /* watchExtension Extension */ = {
			isa = PBXGroup;
			children = (
				8A71C087261AC85900E05213 /* AnError.swift */,
				8A71C086261AC85900E05213 /* BCHUtil.swift */,
				8A71C084261AC85900E05213 /* QR8bitByte.swift */,
				8A71C07C261AC85800E05213 /* QRBitBuffer.swift */,
				8A71C07B261AC85800E05213 /* QRCode.swift */,
				8A71C088261AC85900E05213 /* QRCodeModel.swift */,
				8A71C085261AC85900E05213 /* QRCodeType.swift */,
				8A71C082261AC85900E05213 /* QRErrorCorrectLevel.swift */,
				8A71C080261AC85900E05213 /* QRMaskPattern.swift */,
				8A71C083261AC85900E05213 /* QRMath.swift */,
				8A71C089261AC85A00E05213 /* QRMode.swift */,
				8A71C07E261AC85900E05213 /* QRPatternLocator.swift */,
				8A71C081261AC85900E05213 /* QRPolynomial.swift */,
				8A71C07F261AC85900E05213 /* QRRSBlock.swift */,
				8A71C07D261AC85900E05213 /* swift_qrcodejs.h */,
				8A71C059261AC82900E05213 /* BinaryFloatingPoint+.swift */,
				8A71C05B261AC82900E05213 /* BinaryInteger+.swift */,
				8A71C064261AC82A00E05213 /* CGColor+.swift */,
				8A71C067261AC82A00E05213 /* CGImage+.swift */,
				8A71C05F261AC82900E05213 /* CIColor+.swift */,
				8A71C063261AC82A00E05213 /* CIImage+.swift */,
				8A71C061261AC82900E05213 /* EFInputCorrectionLevel.swift */,
				8A71C062261AC82900E05213 /* EFIntSize.swift */,
				8A71C05D261AC82900E05213 /* EFPointShape.swift */,
				8A71C058261AC82900E05213 /* EFQRCode.h */,
				8A71C05C261AC82900E05213 /* EFQRCode.swift */,
				8A71C068261AC82A00E05213 /* EFQRCode+GIF.swift */,
				8A71C05E261AC82900E05213 /* EFQRCodeGenerator.swift */,
				8A71C065261AC82A00E05213 /* EFQRCodeMode.swift */,
				8A71C066261AC82A00E05213 /* EFQRCodeRecognizer.swift */,
				8A71C05A261AC82900E05213 /* EFUIntPixel.swift */,
				8A71C060261AC82900E05213 /* EFWatermarkMode.swift */,
				8A71C04F261AC81F00E05213 /* NSColor+.swift */,
				8A71C04E261AC81F00E05213 /* NSImage+.swift */,
				8A71C051261AC81F00E05213 /* UIColor+.swift */,
				8A71C050261AC81F00E05213 /* UIImage+.swift */,
				8A2CE700261AA62700F08FC4 /* InterfaceController.swift */,
				8A4B6CBA2629919B00D16369 /* Localizable.strings */,
				8A2CE702261AA62700F08FC4 /* ExtensionDelegate.swift */,
				8A2CE704261AA62700F08FC4 /* ComplicationController.swift */,
				8A2CE706261AA62700F08FC4 /* Assets.xcassets */,
				8A2CE708261AA62700F08FC4 /* Info.plist */,
			);
			path = "watchExtension Extension";
			sourceTree = "<group>";
		};
		9740EEB11CF90186004384FC /* Flutter */ = {
			isa = PBXGroup;
			children = (
				3B3967151E833CAA004F5970 /* AppFrameworkInfo.plist */,
				9740EEB21CF90195004384FC /* Debug.xcconfig */,
				7AFA3C8E1D35360C0083082E /* Release.xcconfig */,
				9740EEB31CF90195004384FC /* Generated.xcconfig */,
			);
			name = Flutter;
			sourceTree = "<group>";
		};
		97C146E51CF9000F007C117D = {
			isa = PBXGroup;
			children = (
				9740EEB11CF90186004384FC /* Flutter */,
				97C146F01CF9000F007C117D /* Runner */,
				8A2CE6F0261AA62600F08FC4 /* watchExtension */,
				8A2CE6FF261AA62700F08FC4 /* watchExtension Extension */,
				97C146EF1CF9000F007C117D /* Products */,
				5B257E0178CBC7669A350FEC /* Pods */,
				62387F93BC4C1EC6BF8FC43F /* Frameworks */,
			);
			sourceTree = "<group>";
		};
		97C146EF1CF9000F007C117D /* Products */ = {
			isa = PBXGroup;
			children = (
				97C146EE1CF9000F007C117D /* Runner.app */,
				8A2CE6EF261AA62600F08FC4 /* watchExtension.app */,
				8A2CE6FB261AA62700F08FC4 /* watchExtension Extension.appex */,
			);
			name = Products;
			sourceTree = "<group>";
		};
		97C146F01CF9000F007C117D /* Runner */ = {
			isa = PBXGroup;
			children = (
				8AAA75812657A6230053E836 /* GoogleService-Info.plist */,
				1AA319AA25EE71BB00BF9D7C /* Runner.entitlements */,
				97C146FA1CF9000F007C117D /* Main.storyboard */,
				97C146FD1CF9000F007C117D /* Assets.xcassets */,
				97C146FF1CF9000F007C117D /* LaunchScreen.storyboard */,
				97C147021CF9000F007C117D /* Info.plist */,
				1498D2321E8E86230040F4C2 /* GeneratedPluginRegistrant.h */,
				1498D2331E8E89220040F4C2 /* GeneratedPluginRegistrant.m */,
				74858FAE1ED2DC5600515810 /* AppDelegate.swift */,
				74858FAD1ED2DC5600515810 /* Runner-Bridging-Header.h */,
			);
			path = Runner;
			sourceTree = "<group>";
		};
/* End PBXGroup section */

/* Begin PBXNativeTarget section */
		8A2CE6EE261AA62600F08FC4 /* watchExtension */ = {
			isa = PBXNativeTarget;
			buildConfigurationList = 8A2CE715261AA62700F08FC4 /* Build configuration list for PBXNativeTarget "watchExtension" */;
			buildPhases = (
				8A2CE6ED261AA62600F08FC4 /* Resources */,
				8A2CE710261AA62700F08FC4 /* Embed App Extensions */,
				0E6EA05EFCEF621C82980CE1 /* Frameworks */,
			);
			buildRules = (
			);
			dependencies = (
				8A2CE6FE261AA62700F08FC4 /* PBXTargetDependency */,
			);
			name = watchExtension;
			productName = watchExtension;
			productReference = 8A2CE6EF261AA62600F08FC4 /* watchExtension.app */;
			productType = "com.apple.product-type.application.watchapp2";
		};
		8A2CE6FA261AA62700F08FC4 /* watchExtension Extension */ = {
			isa = PBXNativeTarget;
			buildConfigurationList = 8A2CE714261AA62700F08FC4 /* Build configuration list for PBXNativeTarget "watchExtension Extension" */;
			buildPhases = (
				8A2CE6F7261AA62700F08FC4 /* Sources */,
				8A2CE6F8261AA62700F08FC4 /* Frameworks */,
				8A2CE6F9261AA62700F08FC4 /* Resources */,
			);
			buildRules = (
			);
			dependencies = (
			);
			name = "watchExtension Extension";
			productName = "watchExtension Extension";
			productReference = 8A2CE6FB261AA62700F08FC4 /* watchExtension Extension.appex */;
			productType = "com.apple.product-type.watchkit2-extension";
		};
		97C146ED1CF9000F007C117D /* Runner */ = {
			isa = PBXNativeTarget;
			buildConfigurationList = 97C147051CF9000F007C117D /* Build configuration list for PBXNativeTarget "Runner" */;
			buildPhases = (
				2C8AF536BED49F947A657EAA /* [CP] Check Pods Manifest.lock */,
				9740EEB61CF901F6004384FC /* Run Script */,
				97C146EA1CF9000F007C117D /* Sources */,
				97C146EB1CF9000F007C117D /* Frameworks */,
				97C146EC1CF9000F007C117D /* Resources */,
				9705A1C41CF9048500538489 /* Embed Frameworks */,
				3B06AD1E1E4923F5004D2608 /* Thin Binary */,
				8A2CE70C261AA62700F08FC4 /* Embed Watch Content */,
				8A4B6CFF262BDCA200D16369 /* ShellScript */,
				D31EBAFDB024235E63921B1D /* [CP] Embed Pods Frameworks */,
				7C79AE85F7E26BC9D369E03B /* [CP] Copy Pods Resources */,
			);
			buildRules = (
			);
			dependencies = (
				8A2CE70A261AA62700F08FC4 /* PBXTargetDependency */,
			);
			name = Runner;
			productName = Runner;
			productReference = 97C146EE1CF9000F007C117D /* Runner.app */;
			productType = "com.apple.product-type.application";
		};
/* End PBXNativeTarget section */

/* Begin PBXProject section */
		97C146E61CF9000F007C117D /* Project object */ = {
			isa = PBXProject;
			attributes = {
				BuildIndependentTargetsInParallel = YES;
				LastSwiftUpdateCheck = 1240;
				LastUpgradeCheck = 1240;
				ORGANIZATIONNAME = "";
				TargetAttributes = {
					8A2CE6EE261AA62600F08FC4 = {
						CreatedOnToolsVersion = 12.4;
					};
					8A2CE6FA261AA62700F08FC4 = {
						CreatedOnToolsVersion = 12.4;
					};
					97C146ED1CF9000F007C117D = {
						CreatedOnToolsVersion = 7.3.1;
						LastSwiftMigration = 1100;
					};
				};
			};
			buildConfigurationList = 97C146E91CF9000F007C117D /* Build configuration list for PBXProject "Runner" */;
			compatibilityVersion = "Xcode 12.0";
			developmentRegion = en;
			hasScannedForEncodings = 0;
			knownRegions = (
				en,
				Base,
				"zh-Hans",
			);
			mainGroup = 97C146E51CF9000F007C117D;
			productRefGroup = 97C146EF1CF9000F007C117D /* Products */;
			projectDirPath = "";
			projectRoot = "";
			targets = (
				97C146ED1CF9000F007C117D /* Runner */,
				8A2CE6EE261AA62600F08FC4 /* watchExtension */,
				8A2CE6FA261AA62700F08FC4 /* watchExtension Extension */,
			);
		};
/* End PBXProject section */

/* Begin PBXResourcesBuildPhase section */
		8A2CE6ED261AA62600F08FC4 /* Resources */ = {
			isa = PBXResourcesBuildPhase;
			buildActionMask = 2147483647;
			files = (
				8A2CE6F5261AA62700F08FC4 /* Assets.xcassets in Resources */,
				8A2CE6F3261AA62600F08FC4 /* Interface.storyboard in Resources */,
				8AAA75832657A6230053E836 /* GoogleService-Info.plist in Resources */,
			);
			runOnlyForDeploymentPostprocessing = 0;
		};
		8A2CE6F9261AA62700F08FC4 /* Resources */ = {
			isa = PBXResourcesBuildPhase;
			buildActionMask = 2147483647;
			files = (
				8A4B6C8C26298CF600D16369 /* Interface.storyboard in Resources */,
				8AAA75842657A6230053E836 /* GoogleService-Info.plist in Resources */,
				8A4B6CBC2629919B00D16369 /* Localizable.strings in Resources */,
				8A2CE707261AA62700F08FC4 /* Assets.xcassets in Resources */,
			);
			runOnlyForDeploymentPostprocessing = 0;
		};
		97C146EC1CF9000F007C117D /* Resources */ = {
			isa = PBXResourcesBuildPhase;
			buildActionMask = 2147483647;
			files = (
				97C147011CF9000F007C117D /* LaunchScreen.storyboard in Resources */,
				3B3967161E833CAA004F5970 /* AppFrameworkInfo.plist in Resources */,
				8AAA75822657A6230053E836 /* GoogleService-Info.plist in Resources */,
				97C146FE1CF9000F007C117D /* Assets.xcassets in Resources */,
				97C146FC1CF9000F007C117D /* Main.storyboard in Resources */,
			);
			runOnlyForDeploymentPostprocessing = 0;
		};
/* End PBXResourcesBuildPhase section */

/* Begin PBXShellScriptBuildPhase section */
		2C8AF536BED49F947A657EAA /* [CP] Check Pods Manifest.lock */ = {
			isa = PBXShellScriptBuildPhase;
			buildActionMask = 2147483647;
			files = (
			);
			inputFileListPaths = (
			);
			inputPaths = (
				"${PODS_PODFILE_DIR_PATH}/Podfile.lock",
				"${PODS_ROOT}/Manifest.lock",
			);
			name = "[CP] Check Pods Manifest.lock";
			outputFileListPaths = (
			);
			outputPaths = (
				"$(DERIVED_FILE_DIR)/Pods-Runner-checkManifestLockResult.txt",
			);
			runOnlyForDeploymentPostprocessing = 0;
			shellPath = /bin/sh;
			shellScript = "diff \"${PODS_PODFILE_DIR_PATH}/Podfile.lock\" \"${PODS_ROOT}/Manifest.lock\" > /dev/null\nif [ $? != 0 ] ; then\n    # print error to STDERR\n    echo \"error: The sandbox is not in sync with the Podfile.lock. Run 'pod install' or update your CocoaPods installation.\" >&2\n    exit 1\nfi\n# This output is used by Xcode 'outputs' to avoid re-running this script phase.\necho \"SUCCESS\" > \"${SCRIPT_OUTPUT_FILE_0}\"\n";
			showEnvVarsInLog = 0;
		};
		3B06AD1E1E4923F5004D2608 /* Thin Binary */ = {
			isa = PBXShellScriptBuildPhase;
			buildActionMask = 2147483647;
			files = (
			);
			inputPaths = (
			);
			name = "Thin Binary";
			outputPaths = (
			);
			runOnlyForDeploymentPostprocessing = 0;
			shellPath = /bin/sh;
			shellScript = "/bin/sh \"$FLUTTER_ROOT/packages/flutter_tools/bin/xcode_backend.sh\" embed_and_thin";
		};
		7C79AE85F7E26BC9D369E03B /* [CP] Copy Pods Resources */ = {
			isa = PBXShellScriptBuildPhase;
			buildActionMask = 2147483647;
			files = (
			);
			inputFileListPaths = (
				"${PODS_ROOT}/Target Support Files/Pods-Runner/Pods-Runner-resources-${CONFIGURATION}-input-files.xcfilelist",
			);
			name = "[CP] Copy Pods Resources";
			outputFileListPaths = (
				"${PODS_ROOT}/Target Support Files/Pods-Runner/Pods-Runner-resources-${CONFIGURATION}-output-files.xcfilelist",
			);
			runOnlyForDeploymentPostprocessing = 0;
			shellPath = /bin/sh;
			shellScript = "\"${PODS_ROOT}/Target Support Files/Pods-Runner/Pods-Runner-resources.sh\"\n";
			showEnvVarsInLog = 0;
		};
		8A4B6CFF262BDCA200D16369 /* ShellScript */ = {
			isa = PBXShellScriptBuildPhase;
			buildActionMask = 2147483647;
			files = (
			);
			inputFileListPaths = (
			);
			inputPaths = (
			);
			outputFileListPaths = (
			);
			outputPaths = (
			);
			runOnlyForDeploymentPostprocessing = 0;
			shellPath = /bin/sh;
			shellScript = "${PODS_ROOT}/FirebaseCrashlytics/run\n";
		};
		9740EEB61CF901F6004384FC /* Run Script */ = {
			isa = PBXShellScriptBuildPhase;
			buildActionMask = 2147483647;
			files = (
			);
			inputPaths = (
			);
			name = "Run Script";
			outputPaths = (
			);
			runOnlyForDeploymentPostprocessing = 0;
			shellPath = /bin/sh;
			shellScript = "/bin/sh \"$FLUTTER_ROOT/packages/flutter_tools/bin/xcode_backend.sh\" build\n";
		};
		D31EBAFDB024235E63921B1D /* [CP] Embed Pods Frameworks */ = {
			isa = PBXShellScriptBuildPhase;
			buildActionMask = 2147483647;
			files = (
			);
			inputFileListPaths = (
				"${PODS_ROOT}/Target Support Files/Pods-Runner/Pods-Runner-frameworks-${CONFIGURATION}-input-files.xcfilelist",
			);
			name = "[CP] Embed Pods Frameworks";
			outputFileListPaths = (
				"${PODS_ROOT}/Target Support Files/Pods-Runner/Pods-Runner-frameworks-${CONFIGURATION}-output-files.xcfilelist",
			);
			runOnlyForDeploymentPostprocessing = 0;
			shellPath = /bin/sh;
			shellScript = "\"${PODS_ROOT}/Target Support Files/Pods-Runner/Pods-Runner-frameworks.sh\"\n";
			showEnvVarsInLog = 0;
		};
/* End PBXShellScriptBuildPhase section */

/* Begin PBXSourcesBuildPhase section */
		8A2CE6F7261AA62700F08FC4 /* Sources */ = {
			isa = PBXSourcesBuildPhase;
			buildActionMask = 2147483647;
			files = (
				8A71C052261AC81F00E05213 /* NSImage+.swift in Sources */,
				8A71C094261AC85A00E05213 /* BCHUtil.swift in Sources */,
				8A71C06B261AC82A00E05213 /* BinaryInteger+.swift in Sources */,
				8A71C071261AC82A00E05213 /* EFInputCorrectionLevel.swift in Sources */,
				8A71C076261AC82A00E05213 /* EFQRCodeRecognizer.swift in Sources */,
				8A2CE703261AA62700F08FC4 /* ExtensionDelegate.swift in Sources */,
				8A71C08F261AC85A00E05213 /* QRPolynomial.swift in Sources */,
				8A71C08D261AC85A00E05213 /* QRRSBlock.swift in Sources */,
				8A71C08A261AC85A00E05213 /* QRCode.swift in Sources */,
				8A71C06A261AC82A00E05213 /* EFUIntPixel.swift in Sources */,
				8A71C073261AC82A00E05213 /* CIImage+.swift in Sources */,
				8A71C096261AC85A00E05213 /* QRCodeModel.swift in Sources */,
				8A71C08B261AC85A00E05213 /* QRBitBuffer.swift in Sources */,
				8A71C053261AC81F00E05213 /* NSColor+.swift in Sources */,
				8A71C074261AC82A00E05213 /* CGColor+.swift in Sources */,
				8A71C072261AC82A00E05213 /* EFIntSize.swift in Sources */,
				8A71C06E261AC82A00E05213 /* EFQRCodeGenerator.swift in Sources */,
				8A71C06C261AC82A00E05213 /* EFQRCode.swift in Sources */,
				8A71C093261AC85A00E05213 /* QRCodeType.swift in Sources */,
				8A71C097261AC85A00E05213 /* QRMode.swift in Sources */,
				8A71C075261AC82A00E05213 /* EFQRCodeMode.swift in Sources */,
				8A71C070261AC82A00E05213 /* EFWatermarkMode.swift in Sources */,
				8A71C069261AC82A00E05213 /* BinaryFloatingPoint+.swift in Sources */,
				8A71C06D261AC82A00E05213 /* EFPointShape.swift in Sources */,
				8A71C08E261AC85A00E05213 /* QRMaskPattern.swift in Sources */,
				8A71C08C261AC85A00E05213 /* QRPatternLocator.swift in Sources */,
				8A71C06F261AC82A00E05213 /* CIColor+.swift in Sources */,
				8A71C054261AC81F00E05213 /* UIImage+.swift in Sources */,
				8A71C091261AC85A00E05213 /* QRMath.swift in Sources */,
				8A71C092261AC85A00E05213 /* QR8bitByte.swift in Sources */,
				8A71C095261AC85A00E05213 /* AnError.swift in Sources */,
				8A2CE701261AA62700F08FC4 /* InterfaceController.swift in Sources */,
				8A71C090261AC85A00E05213 /* QRErrorCorrectLevel.swift in Sources */,
				8A2CE705261AA62700F08FC4 /* ComplicationController.swift in Sources */,
				8A71C078261AC82A00E05213 /* EFQRCode+GIF.swift in Sources */,
				8A71C055261AC81F00E05213 /* UIColor+.swift in Sources */,
				8A71C077261AC82A00E05213 /* CGImage+.swift in Sources */,
			);
			runOnlyForDeploymentPostprocessing = 0;
		};
		97C146EA1CF9000F007C117D /* Sources */ = {
			isa = PBXSourcesBuildPhase;
			buildActionMask = 2147483647;
			files = (
				74858FAF1ED2DC5600515810 /* AppDelegate.swift in Sources */,
				1498D2341E8E89220040F4C2 /* GeneratedPluginRegistrant.m in Sources */,
			);
			runOnlyForDeploymentPostprocessing = 0;
		};
/* End PBXSourcesBuildPhase section */

/* Begin PBXTargetDependency section */
		8A2CE6FE261AA62700F08FC4 /* PBXTargetDependency */ = {
			isa = PBXTargetDependency;
			target = 8A2CE6FA261AA62700F08FC4 /* watchExtension Extension */;
			targetProxy = 8A2CE6FD261AA62700F08FC4 /* PBXContainerItemProxy */;
		};
		8A2CE70A261AA62700F08FC4 /* PBXTargetDependency */ = {
			isa = PBXTargetDependency;
			target = 8A2CE6EE261AA62600F08FC4 /* watchExtension */;
			targetProxy = 8A2CE709261AA62700F08FC4 /* PBXContainerItemProxy */;
		};
/* End PBXTargetDependency section */

/* Begin PBXVariantGroup section */
		8A2CE6F1261AA62600F08FC4 /* Interface.storyboard */ = {
			isa = PBXVariantGroup;
			children = (
				8A2CE6F2261AA62600F08FC4 /* Base */,
				8AD96BA1261DAD0C0081F6F4 /* zh-Hans */,
			);
			name = Interface.storyboard;
			sourceTree = "<group>";
		};
		8A4B6CBA2629919B00D16369 /* Localizable.strings */ = {
			isa = PBXVariantGroup;
			children = (
				8A4B6CBB2629919B00D16369 /* Base */,
				8A4B6CBF262991B000D16369 /* zh-Hans */,
			);
			name = Localizable.strings;
			sourceTree = "<group>";
		};
		97C146FA1CF9000F007C117D /* Main.storyboard */ = {
			isa = PBXVariantGroup;
			children = (
				97C146FB1CF9000F007C117D /* Base */,
				8AD96B9F261DAD0C0081F6F4 /* zh-Hans */,
			);
			name = Main.storyboard;
			sourceTree = "<group>";
		};
		97C146FF1CF9000F007C117D /* LaunchScreen.storyboard */ = {
			isa = PBXVariantGroup;
			children = (
				97C147001CF9000F007C117D /* Base */,
				8AD96BA0261DAD0C0081F6F4 /* zh-Hans */,
			);
			name = LaunchScreen.storyboard;
			sourceTree = "<group>";
		};
/* End PBXVariantGroup section */

/* Begin XCBuildConfiguration section */
		249021D3217E4FDB00AE95B9 /* Profile */ = {
			isa = XCBuildConfiguration;
			buildSettings = {
				ALWAYS_SEARCH_USER_PATHS = NO;
				CLANG_ANALYZER_LOCALIZABILITY_NONLOCALIZED = YES;
				CLANG_ANALYZER_NONNULL = YES;
				CLANG_CXX_LANGUAGE_STANDARD = "gnu++0x";
				CLANG_CXX_LIBRARY = "libc++";
				CLANG_ENABLE_MODULES = YES;
				CLANG_ENABLE_OBJC_ARC = YES;
				CLANG_WARN_BLOCK_CAPTURE_AUTORELEASING = YES;
				CLANG_WARN_BOOL_CONVERSION = YES;
				CLANG_WARN_COMMA = YES;
				CLANG_WARN_CONSTANT_CONVERSION = YES;
				CLANG_WARN_DEPRECATED_OBJC_IMPLEMENTATIONS = YES;
				CLANG_WARN_DIRECT_OBJC_ISA_USAGE = YES_ERROR;
				CLANG_WARN_EMPTY_BODY = YES;
				CLANG_WARN_ENUM_CONVERSION = YES;
				CLANG_WARN_INFINITE_RECURSION = YES;
				CLANG_WARN_INT_CONVERSION = YES;
				CLANG_WARN_NON_LITERAL_NULL_CONVERSION = YES;
				CLANG_WARN_OBJC_IMPLICIT_RETAIN_SELF = YES;
				CLANG_WARN_OBJC_LITERAL_CONVERSION = YES;
				CLANG_WARN_OBJC_ROOT_CLASS = YES_ERROR;
				CLANG_WARN_QUOTED_INCLUDE_IN_FRAMEWORK_HEADER = YES;
				CLANG_WARN_RANGE_LOOP_ANALYSIS = YES;
				CLANG_WARN_STRICT_PROTOTYPES = YES;
				CLANG_WARN_SUSPICIOUS_MOVE = YES;
				CLANG_WARN_UNREACHABLE_CODE = YES;
				CLANG_WARN__DUPLICATE_METHOD_MATCH = YES;
				"CODE_SIGN_IDENTITY[sdk=iphoneos*]" = "iPhone Developer";
				COPY_PHASE_STRIP = NO;
				DEBUG_INFORMATION_FORMAT = "dwarf-with-dsym";
				DEVELOPMENT_TEAM = PC5NSWNS53;
				ENABLE_NS_ASSERTIONS = NO;
				ENABLE_STRICT_OBJC_MSGSEND = YES;
				GCC_C_LANGUAGE_STANDARD = gnu99;
				GCC_NO_COMMON_BLOCKS = YES;
				GCC_WARN_64_TO_32_BIT_CONVERSION = YES;
				GCC_WARN_ABOUT_RETURN_TYPE = YES_ERROR;
				GCC_WARN_UNDECLARED_SELECTOR = YES;
				GCC_WARN_UNINITIALIZED_AUTOS = YES_AGGRESSIVE;
				GCC_WARN_UNUSED_FUNCTION = YES;
				GCC_WARN_UNUSED_VARIABLE = YES;
				IPHONEOS_DEPLOYMENT_TARGET = 12.1;
				MTL_ENABLE_DEBUG_INFO = NO;
				SDKROOT = iphoneos;
				SUPPORTED_PLATFORMS = "iphonesimulator iphoneos";
				TARGETED_DEVICE_FAMILY = "1,2";
				VALIDATE_PRODUCT = YES;
			};
			name = Profile;
		};
		249021D4217E4FDB00AE95B9 /* Profile */ = {
			isa = XCBuildConfiguration;
			baseConfigurationReference = 7AFA3C8E1D35360C0083082E /* Release.xcconfig */;
			buildSettings = {
				ASSETCATALOG_COMPILER_APPICON_NAME = AppIcon;
				CLANG_ENABLE_MODULES = YES;
				CODE_SIGN_ENTITLEMENTS = Runner/Runner.entitlements;
				CURRENT_PROJECT_VERSION = 15;
				DEVELOPMENT_TEAM = QZ9KCS2T78;
				ENABLE_BITCODE = YES;
				INFOPLIST_FILE = Runner/Info.plist;
				IPHONEOS_DEPLOYMENT_TARGET = 12.1;
				LD_RUNPATH_SEARCH_PATHS = (
					"$(inherited)",
					"@executable_path/Frameworks",
				);
				MARKETING_VERSION = 1.0.2;
				PRODUCT_BUNDLE_IDENTIFIER = "io.github.danxi-dev.dan-xi";
				PRODUCT_NAME = "$(TARGET_NAME)";
				SUPPORTS_MACCATALYST = NO;
				SWIFT_OBJC_BRIDGING_HEADER = "Runner/Runner-Bridging-Header.h";
				SWIFT_VERSION = 5.0;
				TARGETED_DEVICE_FAMILY = 1;
				VERSIONING_SYSTEM = "apple-generic";
			};
			name = Profile;
		};
		8A2CE70D261AA62700F08FC4 /* Debug */ = {
			isa = XCBuildConfiguration;
			buildSettings = {
				ALWAYS_EMBED_SWIFT_STANDARD_LIBRARIES = YES;
				ASSETCATALOG_COMPILER_APPICON_NAME = AppIcon;
				ASSETCATALOG_COMPILER_GLOBAL_ACCENT_COLOR_NAME = AppIcon;
				CLANG_ANALYZER_NUMBER_OBJECT_CONVERSION = YES_AGGRESSIVE;
				CLANG_CXX_LANGUAGE_STANDARD = "gnu++14";
				CLANG_ENABLE_OBJC_WEAK = YES;
				CLANG_WARN_DOCUMENTATION_COMMENTS = YES;
				CLANG_WARN_UNGUARDED_AVAILABILITY = YES_AGGRESSIVE;
				CODE_SIGN_STYLE = Automatic;
				CURRENT_PROJECT_VERSION = 15;
				DEVELOPMENT_TEAM = QZ9KCS2T78;
				GCC_C_LANGUAGE_STANDARD = gnu11;
				IBSC_MODULE = watchExtension_Extension;
				INFOPLIST_FILE = watchExtension/Info.plist;
				MARKETING_VERSION = 1.0.2;
				MTL_ENABLE_DEBUG_INFO = INCLUDE_SOURCE;
				MTL_FAST_MATH = YES;
				PRODUCT_BUNDLE_IDENTIFIER = "io.github.danxi-dev.dan-xi.watchapp";
				PRODUCT_NAME = "$(TARGET_NAME)";
				SDKROOT = watchos;
				SKIP_INSTALL = YES;
				SUPPORTED_PLATFORMS = "watchsimulator watchos";
				SWIFT_ACTIVE_COMPILATION_CONDITIONS = DEBUG;
				SWIFT_OPTIMIZATION_LEVEL = "-Onone";
				SWIFT_VERSION = 5.0;
				TARGETED_DEVICE_FAMILY = 4;
				WATCHOS_DEPLOYMENT_TARGET = 5.0;
			};
			name = Debug;
		};
		8A2CE70E261AA62700F08FC4 /* Release */ = {
			isa = XCBuildConfiguration;
			buildSettings = {
				ALWAYS_EMBED_SWIFT_STANDARD_LIBRARIES = YES;
				ASSETCATALOG_COMPILER_APPICON_NAME = AppIcon;
				ASSETCATALOG_COMPILER_GLOBAL_ACCENT_COLOR_NAME = AppIcon;
				CLANG_ANALYZER_NUMBER_OBJECT_CONVERSION = YES_AGGRESSIVE;
				CLANG_CXX_LANGUAGE_STANDARD = "gnu++14";
				CLANG_ENABLE_OBJC_WEAK = YES;
				CLANG_WARN_DOCUMENTATION_COMMENTS = YES;
				CLANG_WARN_UNGUARDED_AVAILABILITY = YES_AGGRESSIVE;
				CODE_SIGN_STYLE = Automatic;
				CURRENT_PROJECT_VERSION = 15;
				DEVELOPMENT_TEAM = QZ9KCS2T78;
				GCC_C_LANGUAGE_STANDARD = gnu11;
				IBSC_MODULE = watchExtension_Extension;
				INFOPLIST_FILE = watchExtension/Info.plist;
				MARKETING_VERSION = 1.0.2;
				MTL_FAST_MATH = YES;
				PRODUCT_BUNDLE_IDENTIFIER = "io.github.danxi-dev.dan-xi.watchapp";
				PRODUCT_NAME = "$(TARGET_NAME)";
				SDKROOT = watchos;
				SKIP_INSTALL = YES;
				SUPPORTED_PLATFORMS = "watchsimulator watchos";
				SWIFT_VERSION = 5.0;
				TARGETED_DEVICE_FAMILY = 4;
				WATCHOS_DEPLOYMENT_TARGET = 5.0;
			};
			name = Release;
		};
		8A2CE70F261AA62700F08FC4 /* Profile */ = {
			isa = XCBuildConfiguration;
			buildSettings = {
				ALWAYS_EMBED_SWIFT_STANDARD_LIBRARIES = YES;
				ASSETCATALOG_COMPILER_APPICON_NAME = AppIcon;
				ASSETCATALOG_COMPILER_GLOBAL_ACCENT_COLOR_NAME = AppIcon;
				CLANG_ANALYZER_NUMBER_OBJECT_CONVERSION = YES_AGGRESSIVE;
				CLANG_CXX_LANGUAGE_STANDARD = "gnu++14";
				CLANG_ENABLE_OBJC_WEAK = YES;
				CLANG_WARN_DOCUMENTATION_COMMENTS = YES;
				CLANG_WARN_UNGUARDED_AVAILABILITY = YES_AGGRESSIVE;
				CODE_SIGN_STYLE = Automatic;
				CURRENT_PROJECT_VERSION = 15;
				DEVELOPMENT_TEAM = QZ9KCS2T78;
				GCC_C_LANGUAGE_STANDARD = gnu11;
				IBSC_MODULE = watchExtension_Extension;
				INFOPLIST_FILE = watchExtension/Info.plist;
				MARKETING_VERSION = 1.0.2;
				MTL_FAST_MATH = YES;
				PRODUCT_BUNDLE_IDENTIFIER = "io.github.danxi-dev.dan-xi.watchapp";
				PRODUCT_NAME = "$(TARGET_NAME)";
				SDKROOT = watchos;
				SKIP_INSTALL = YES;
				SUPPORTED_PLATFORMS = "watchsimulator watchos";
				SWIFT_VERSION = 5.0;
				TARGETED_DEVICE_FAMILY = 4;
				WATCHOS_DEPLOYMENT_TARGET = 5.0;
			};
			name = Profile;
		};
		8A2CE711261AA62700F08FC4 /* Debug */ = {
			isa = XCBuildConfiguration;
			buildSettings = {
				ASSETCATALOG_COMPILER_COMPLICATION_NAME = AppIcon;
				CLANG_ANALYZER_NUMBER_OBJECT_CONVERSION = YES_AGGRESSIVE;
				CLANG_CXX_LANGUAGE_STANDARD = "gnu++14";
				CLANG_ENABLE_OBJC_WEAK = YES;
				CLANG_WARN_DOCUMENTATION_COMMENTS = YES;
				CLANG_WARN_UNGUARDED_AVAILABILITY = YES_AGGRESSIVE;
				CODE_SIGN_STYLE = Automatic;
				CURRENT_PROJECT_VERSION = 15;
				DEVELOPMENT_TEAM = QZ9KCS2T78;
				GCC_C_LANGUAGE_STANDARD = gnu11;
				INFOPLIST_FILE = "watchExtension Extension/Info.plist";
				LD_RUNPATH_SEARCH_PATHS = (
					"$(inherited)",
					"@executable_path/Frameworks",
					"@executable_path/../../Frameworks",
				);
				MARKETING_VERSION = 1.0.2;
				MTL_ENABLE_DEBUG_INFO = INCLUDE_SOURCE;
				MTL_FAST_MATH = YES;
				PRODUCT_BUNDLE_IDENTIFIER = "io.github.danxi-dev.dan-xi.watchapp.watchExtension";
				PRODUCT_NAME = "${TARGET_NAME}";
				SDKROOT = watchos;
				SKIP_INSTALL = YES;
				SWIFT_ACTIVE_COMPILATION_CONDITIONS = DEBUG;
				SWIFT_OPTIMIZATION_LEVEL = "-Onone";
				SWIFT_VERSION = 5.0;
				TARGETED_DEVICE_FAMILY = 4;
				WATCHOS_DEPLOYMENT_TARGET = 5.0;
			};
			name = Debug;
		};
		8A2CE712261AA62700F08FC4 /* Release */ = {
			isa = XCBuildConfiguration;
			buildSettings = {
				ASSETCATALOG_COMPILER_COMPLICATION_NAME = AppIcon;
				CLANG_ANALYZER_NUMBER_OBJECT_CONVERSION = YES_AGGRESSIVE;
				CLANG_CXX_LANGUAGE_STANDARD = "gnu++14";
				CLANG_ENABLE_OBJC_WEAK = YES;
				CLANG_WARN_DOCUMENTATION_COMMENTS = YES;
				CLANG_WARN_UNGUARDED_AVAILABILITY = YES_AGGRESSIVE;
				CODE_SIGN_STYLE = Automatic;
				CURRENT_PROJECT_VERSION = 15;
				DEVELOPMENT_TEAM = QZ9KCS2T78;
				GCC_C_LANGUAGE_STANDARD = gnu11;
				INFOPLIST_FILE = "watchExtension Extension/Info.plist";
				LD_RUNPATH_SEARCH_PATHS = (
					"$(inherited)",
					"@executable_path/Frameworks",
					"@executable_path/../../Frameworks",
				);
				MARKETING_VERSION = 1.0.2;
				MTL_FAST_MATH = YES;
				PRODUCT_BUNDLE_IDENTIFIER = "io.github.danxi-dev.dan-xi.watchapp.watchExtension";
				PRODUCT_NAME = "${TARGET_NAME}";
				SDKROOT = watchos;
				SKIP_INSTALL = YES;
				SUPPORTED_PLATFORMS = "watchsimulator watchos";
				SWIFT_VERSION = 5.0;
				TARGETED_DEVICE_FAMILY = 4;
				WATCHOS_DEPLOYMENT_TARGET = 5.0;
			};
			name = Release;
		};
		8A2CE713261AA62700F08FC4 /* Profile */ = {
			isa = XCBuildConfiguration;
			buildSettings = {
				ASSETCATALOG_COMPILER_COMPLICATION_NAME = AppIcon;
				CLANG_ANALYZER_NUMBER_OBJECT_CONVERSION = YES_AGGRESSIVE;
				CLANG_CXX_LANGUAGE_STANDARD = "gnu++14";
				CLANG_ENABLE_OBJC_WEAK = YES;
				CLANG_WARN_DOCUMENTATION_COMMENTS = YES;
				CLANG_WARN_UNGUARDED_AVAILABILITY = YES_AGGRESSIVE;
				CODE_SIGN_STYLE = Automatic;
				CURRENT_PROJECT_VERSION = 15;
				DEVELOPMENT_TEAM = QZ9KCS2T78;
				GCC_C_LANGUAGE_STANDARD = gnu11;
				INFOPLIST_FILE = "watchExtension Extension/Info.plist";
				LD_RUNPATH_SEARCH_PATHS = (
					"$(inherited)",
					"@executable_path/Frameworks",
					"@executable_path/../../Frameworks",
				);
				MARKETING_VERSION = 1.0.2;
				MTL_FAST_MATH = YES;
				PRODUCT_BUNDLE_IDENTIFIER = "io.github.danxi-dev.dan-xi.watchapp.watchExtension";
				PRODUCT_NAME = "${TARGET_NAME}";
				SDKROOT = watchos;
				SKIP_INSTALL = YES;
				SUPPORTED_PLATFORMS = "watchsimulator watchos";
				SWIFT_VERSION = 5.0;
				TARGETED_DEVICE_FAMILY = 4;
				WATCHOS_DEPLOYMENT_TARGET = 5.0;
			};
			name = Profile;
		};
		97C147031CF9000F007C117D /* Debug */ = {
			isa = XCBuildConfiguration;
			buildSettings = {
				ALWAYS_SEARCH_USER_PATHS = NO;
				CLANG_ANALYZER_LOCALIZABILITY_NONLOCALIZED = YES;
				CLANG_ANALYZER_NONNULL = YES;
				CLANG_CXX_LANGUAGE_STANDARD = "gnu++0x";
				CLANG_CXX_LIBRARY = "libc++";
				CLANG_ENABLE_MODULES = YES;
				CLANG_ENABLE_OBJC_ARC = YES;
				CLANG_WARN_BLOCK_CAPTURE_AUTORELEASING = YES;
				CLANG_WARN_BOOL_CONVERSION = YES;
				CLANG_WARN_COMMA = YES;
				CLANG_WARN_CONSTANT_CONVERSION = YES;
				CLANG_WARN_DEPRECATED_OBJC_IMPLEMENTATIONS = YES;
				CLANG_WARN_DIRECT_OBJC_ISA_USAGE = YES_ERROR;
				CLANG_WARN_EMPTY_BODY = YES;
				CLANG_WARN_ENUM_CONVERSION = YES;
				CLANG_WARN_INFINITE_RECURSION = YES;
				CLANG_WARN_INT_CONVERSION = YES;
				CLANG_WARN_NON_LITERAL_NULL_CONVERSION = YES;
				CLANG_WARN_OBJC_IMPLICIT_RETAIN_SELF = YES;
				CLANG_WARN_OBJC_LITERAL_CONVERSION = YES;
				CLANG_WARN_OBJC_ROOT_CLASS = YES_ERROR;
				CLANG_WARN_QUOTED_INCLUDE_IN_FRAMEWORK_HEADER = YES;
				CLANG_WARN_RANGE_LOOP_ANALYSIS = YES;
				CLANG_WARN_STRICT_PROTOTYPES = YES;
				CLANG_WARN_SUSPICIOUS_MOVE = YES;
				CLANG_WARN_UNREACHABLE_CODE = YES;
				CLANG_WARN__DUPLICATE_METHOD_MATCH = YES;
				"CODE_SIGN_IDENTITY[sdk=iphoneos*]" = "iPhone Developer";
				COPY_PHASE_STRIP = NO;
				DEBUG_INFORMATION_FORMAT = dwarf;
				DEVELOPMENT_TEAM = PC5NSWNS53;
				ENABLE_STRICT_OBJC_MSGSEND = YES;
				ENABLE_TESTABILITY = YES;
				GCC_C_LANGUAGE_STANDARD = gnu99;
				GCC_DYNAMIC_NO_PIC = NO;
				GCC_NO_COMMON_BLOCKS = YES;
				GCC_OPTIMIZATION_LEVEL = 0;
				GCC_PREPROCESSOR_DEFINITIONS = (
					"DEBUG=1",
					"$(inherited)",
				);
				GCC_WARN_64_TO_32_BIT_CONVERSION = YES;
				GCC_WARN_ABOUT_RETURN_TYPE = YES_ERROR;
				GCC_WARN_UNDECLARED_SELECTOR = YES;
				GCC_WARN_UNINITIALIZED_AUTOS = YES_AGGRESSIVE;
				GCC_WARN_UNUSED_FUNCTION = YES;
				GCC_WARN_UNUSED_VARIABLE = YES;
				IPHONEOS_DEPLOYMENT_TARGET = 12.1;
				MTL_ENABLE_DEBUG_INFO = YES;
				ONLY_ACTIVE_ARCH = YES;
				SDKROOT = iphoneos;
				TARGETED_DEVICE_FAMILY = "1,2";
			};
			name = Debug;
		};
		97C147041CF9000F007C117D /* Release */ = {
			isa = XCBuildConfiguration;
			buildSettings = {
				ALWAYS_SEARCH_USER_PATHS = NO;
				CLANG_ANALYZER_LOCALIZABILITY_NONLOCALIZED = YES;
				CLANG_ANALYZER_NONNULL = YES;
				CLANG_CXX_LANGUAGE_STANDARD = "gnu++0x";
				CLANG_CXX_LIBRARY = "libc++";
				CLANG_ENABLE_MODULES = YES;
				CLANG_ENABLE_OBJC_ARC = YES;
				CLANG_WARN_BLOCK_CAPTURE_AUTORELEASING = YES;
				CLANG_WARN_BOOL_CONVERSION = YES;
				CLANG_WARN_COMMA = YES;
				CLANG_WARN_CONSTANT_CONVERSION = YES;
				CLANG_WARN_DEPRECATED_OBJC_IMPLEMENTATIONS = YES;
				CLANG_WARN_DIRECT_OBJC_ISA_USAGE = YES_ERROR;
				CLANG_WARN_EMPTY_BODY = YES;
				CLANG_WARN_ENUM_CONVERSION = YES;
				CLANG_WARN_INFINITE_RECURSION = YES;
				CLANG_WARN_INT_CONVERSION = YES;
				CLANG_WARN_NON_LITERAL_NULL_CONVERSION = YES;
				CLANG_WARN_OBJC_IMPLICIT_RETAIN_SELF = YES;
				CLANG_WARN_OBJC_LITERAL_CONVERSION = YES;
				CLANG_WARN_OBJC_ROOT_CLASS = YES_ERROR;
				CLANG_WARN_QUOTED_INCLUDE_IN_FRAMEWORK_HEADER = YES;
				CLANG_WARN_RANGE_LOOP_ANALYSIS = YES;
				CLANG_WARN_STRICT_PROTOTYPES = YES;
				CLANG_WARN_SUSPICIOUS_MOVE = YES;
				CLANG_WARN_UNREACHABLE_CODE = YES;
				CLANG_WARN__DUPLICATE_METHOD_MATCH = YES;
				"CODE_SIGN_IDENTITY[sdk=iphoneos*]" = "iPhone Developer";
				COPY_PHASE_STRIP = NO;
				DEBUG_INFORMATION_FORMAT = "dwarf-with-dsym";
				DEVELOPMENT_TEAM = PC5NSWNS53;
				ENABLE_NS_ASSERTIONS = NO;
				ENABLE_STRICT_OBJC_MSGSEND = YES;
				GCC_C_LANGUAGE_STANDARD = gnu99;
				GCC_NO_COMMON_BLOCKS = YES;
				GCC_WARN_64_TO_32_BIT_CONVERSION = YES;
				GCC_WARN_ABOUT_RETURN_TYPE = YES_ERROR;
				GCC_WARN_UNDECLARED_SELECTOR = YES;
				GCC_WARN_UNINITIALIZED_AUTOS = YES_AGGRESSIVE;
				GCC_WARN_UNUSED_FUNCTION = YES;
				GCC_WARN_UNUSED_VARIABLE = YES;
				IPHONEOS_DEPLOYMENT_TARGET = 12.1;
				MTL_ENABLE_DEBUG_INFO = NO;
				SDKROOT = iphoneos;
				SUPPORTED_PLATFORMS = "iphonesimulator iphoneos";
				SWIFT_COMPILATION_MODE = wholemodule;
				SWIFT_OPTIMIZATION_LEVEL = "-O";
				TARGETED_DEVICE_FAMILY = "1,2";
				VALIDATE_PRODUCT = YES;
			};
			name = Release;
		};
		97C147061CF9000F007C117D /* Debug */ = {
			isa = XCBuildConfiguration;
			baseConfigurationReference = 9740EEB21CF90195004384FC /* Debug.xcconfig */;
			buildSettings = {
				ASSETCATALOG_COMPILER_APPICON_NAME = AppIcon;
				CLANG_ENABLE_MODULES = YES;
				CODE_SIGN_ENTITLEMENTS = Runner/Runner.entitlements;
				CURRENT_PROJECT_VERSION = 15;
				DEBUG_INFORMATION_FORMAT = "dwarf-with-dsym";
				DEVELOPMENT_TEAM = QZ9KCS2T78;
				ENABLE_BITCODE = YES;
				INFOPLIST_FILE = Runner/Info.plist;
				IPHONEOS_DEPLOYMENT_TARGET = 12.1;
				LD_RUNPATH_SEARCH_PATHS = (
					"$(inherited)",
					"@executable_path/Frameworks",
				);
				MARKETING_VERSION = 1.0.2;
				PRODUCT_BUNDLE_IDENTIFIER = "io.github.danxi-dev.dan-xi";
				PRODUCT_NAME = "$(TARGET_NAME)";
				SUPPORTS_MACCATALYST = NO;
				SWIFT_OBJC_BRIDGING_HEADER = "Runner/Runner-Bridging-Header.h";
				SWIFT_OPTIMIZATION_LEVEL = "-Onone";
				SWIFT_VERSION = 5.0;
				TARGETED_DEVICE_FAMILY = 1;
				VERSIONING_SYSTEM = "apple-generic";
			};
			name = Debug;
		};
		97C147071CF9000F007C117D /* Release */ = {
			isa = XCBuildConfiguration;
			baseConfigurationReference = 7AFA3C8E1D35360C0083082E /* Release.xcconfig */;
			buildSettings = {
				ASSETCATALOG_COMPILER_APPICON_NAME = AppIcon;
				CLANG_ENABLE_MODULES = YES;
				CODE_SIGN_ENTITLEMENTS = Runner/Runner.entitlements;
				CURRENT_PROJECT_VERSION = 15;
				DEVELOPMENT_TEAM = QZ9KCS2T78;
				ENABLE_BITCODE = YES;
				INFOPLIST_FILE = Runner/Info.plist;
				IPHONEOS_DEPLOYMENT_TARGET = 12.1;
				LD_RUNPATH_SEARCH_PATHS = (
					"$(inherited)",
					"@executable_path/Frameworks",
				);
				MARKETING_VERSION = 1.0.2;
				PRODUCT_BUNDLE_IDENTIFIER = "io.github.danxi-dev.dan-xi";
				PRODUCT_NAME = "$(TARGET_NAME)";
				SUPPORTS_MACCATALYST = NO;
				SWIFT_OBJC_BRIDGING_HEADER = "Runner/Runner-Bridging-Header.h";
				SWIFT_VERSION = 5.0;
				TARGETED_DEVICE_FAMILY = 1;
				VERSIONING_SYSTEM = "apple-generic";
			};
			name = Release;
		};
/* End XCBuildConfiguration section */

/* Begin XCConfigurationList section */
		8A2CE714261AA62700F08FC4 /* Build configuration list for PBXNativeTarget "watchExtension Extension" */ = {
			isa = XCConfigurationList;
			buildConfigurations = (
				8A2CE711261AA62700F08FC4 /* Debug */,
				8A2CE712261AA62700F08FC4 /* Release */,
				8A2CE713261AA62700F08FC4 /* Profile */,
			);
			defaultConfigurationIsVisible = 0;
			defaultConfigurationName = Release;
		};
		8A2CE715261AA62700F08FC4 /* Build configuration list for PBXNativeTarget "watchExtension" */ = {
			isa = XCConfigurationList;
			buildConfigurations = (
				8A2CE70D261AA62700F08FC4 /* Debug */,
				8A2CE70E261AA62700F08FC4 /* Release */,
				8A2CE70F261AA62700F08FC4 /* Profile */,
			);
			defaultConfigurationIsVisible = 0;
			defaultConfigurationName = Release;
		};
		97C146E91CF9000F007C117D /* Build configuration list for PBXProject "Runner" */ = {
			isa = XCConfigurationList;
			buildConfigurations = (
				97C147031CF9000F007C117D /* Debug */,
				97C147041CF9000F007C117D /* Release */,
				249021D3217E4FDB00AE95B9 /* Profile */,
			);
			defaultConfigurationIsVisible = 0;
			defaultConfigurationName = Release;
		};
		97C147051CF9000F007C117D /* Build configuration list for PBXNativeTarget "Runner" */ = {
			isa = XCConfigurationList;
			buildConfigurations = (
				97C147061CF9000F007C117D /* Debug */,
				97C147071CF9000F007C117D /* Release */,
				249021D4217E4FDB00AE95B9 /* Profile */,
			);
			defaultConfigurationIsVisible = 0;
			defaultConfigurationName = Release;
		};
/* End XCConfigurationList section */
	};
	rootObject = 97C146E61CF9000F007C117D /* Project object */;
}
