{
  "name": "ohos",
  "lockfileVersion": 3,
  "requires": true,
  "packages": {
    "": {
      "dependencies": {
        "flutter-hvigor-plugin": "file:C:\\Users\\xy\\flutter_flutter\\packages\\flutter_tools\\hvigor"
      }
    },
    "C:/Users/xy/AppData/Local/DanXi/flutter_flutter-oh-3.27.4-dev/packages/flutter_tools/hvigor": {
      "name": "flutter-hvigor-plugin",
      "version": "1.0.0",
      "extraneous": true,
      "license": "ISC",
      "devDependencies": {
        "@ohos/hvigor": "5.2.2"
      }
    },
    "C:/Users/xy/AppData/Local/DanXi/flutter_flutter-oh-3.35.7-release/packages/flutter_tools/hvigor": {
      "name": "flutter-hvigor-plugin",
      "version": "1.0.0",
      "extraneous": true,
      "license": "ISC",
      "devDependencies": {
        "@ohos/hvigor": "5.2.2"
      }
    },
    "C:/Users/xy/flutter_flutter_3_35_7/packages/flutter_tools/hvigor": {
      "name": "flutter-hvigor-plugin",
      "version": "1.0.0",
      "extraneous": true,
      "license": "ISC",
      "devDependencies": {
        "@ohos/hvigor": "5.2.2"
      }
    },
    "C:/Users/xy/flutter_flutter/packages/flutter_tools/hvigor": {
      "name": "flutter-hvigor-plugin",
      "version": "1.0.0",
      "license": "ISC",
      "devDependencies": {
        "@ohos/hvigor": "5.2.2"
      }
    },
    "node_modules/flutter-hvigor-plugin": {
      "resolved": "C:/Users/xy/flutter_flutter/packages/flutter_tools/hvigor",
      "link": true
    }
  }
}
