PODS:
  - catcher (0.0.1):
    - Flutter
  - connectivity_plus (0.0.1):
    - Flutter
    - Reachability
  - data_plugin (0.0.1):
    - Flutter
  - device_info (0.0.1):
    - Flutter
  - Flutter (1.0.0)
  - flutter_inappwebview (0.0.1):
    - Flutter
  - flutter_mailer (0.0.1):
    - Flutter
  - fluttertoast (0.0.2):
    - Flutter
    - Toast
  - network_info_plus (0.0.1):
    - Flutter
  - package_info (0.0.1):
    - Flutter
  - quick_actions (0.0.1):
    - Flutter
  - Reachability (3.2)
  - shared_preferences (0.0.1):
    - Flutter
  - Toast (4.0.0)

DEPENDENCIES:
  - catcher (from `.symlinks/plugins/catcher/ios`)
  - connectivity_plus (from `.symlinks/plugins/connectivity_plus/ios`)
  - data_plugin (from `.symlinks/plugins/data_plugin/ios`)
  - device_info (from `.symlinks/plugins/device_info/ios`)
  - Flutter (from `Flutter`)
  - flutter_inappwebview (from `.symlinks/plugins/flutter_inappwebview/ios`)
  - flutter_mailer (from `.symlinks/plugins/flutter_mailer/ios`)
  - fluttertoast (from `.symlinks/plugins/fluttertoast/ios`)
  - network_info_plus (from `.symlinks/plugins/network_info_plus/ios`)
  - package_info (from `.symlinks/plugins/package_info/ios`)
  - quick_actions (from `.symlinks/plugins/quick_actions/ios`)
  - shared_preferences (from `.symlinks/plugins/shared_preferences/ios`)

SPEC REPOS:
  trunk:
    - Reachability
    - Toast

EXTERNAL SOURCES:
  catcher:
    :path: ".symlinks/plugins/catcher/ios"
  connectivity_plus:
    :path: ".symlinks/plugins/connectivity_plus/ios"
  data_plugin:
    :path: ".symlinks/plugins/data_plugin/ios"
  device_info:
    :path: ".symlinks/plugins/device_info/ios"
  Flutter:
    :path: Flutter
  flutter_inappwebview:
    :path: ".symlinks/plugins/flutter_inappwebview/ios"
  flutter_mailer:
    :path: ".symlinks/plugins/flutter_mailer/ios"
  fluttertoast:
    :path: ".symlinks/plugins/fluttertoast/ios"
  network_info_plus:
    :path: ".symlinks/plugins/network_info_plus/ios"
  package_info:
    :path: ".symlinks/plugins/package_info/ios"
  quick_actions:
    :path: ".symlinks/plugins/quick_actions/ios"
  shared_preferences:
    :path: ".symlinks/plugins/shared_preferences/ios"

SPEC CHECKSUMS:
  catcher: e5585ed31458c849f4fd9c3719b2fcb0188b8918
  connectivity_plus: f5e5e0b894ec1187bfab9816d6c2f034da8d46da
  data_plugin: 718d6550a02b30410748b3b7711ee393933070e6
  device_info: d7d233b645a32c40dfdc212de5cf646ca482f175
  Flutter: 434fef37c0980e73bb6479ef766c45957d4b510c
  flutter_inappwebview: 69dfbac46157b336ffbec19ca6dfd4638c7bf189
  flutter_mailer: 2ef5a67087bc8c6c4cefd04a178bf1ae2c94cd83
  fluttertoast: 6122fa75143e992b1d3470f61000f591a798cc58
  network_info_plus: b78876159360f5580608c2cea620d6ceffabd0ad
  package_info: 873975fc26034f0b863a300ad47e7f1ac6c7ec62
  quick_actions: 6cb2390c4dab0e737c94573c27e18d9666710720
  Reachability: 33e18b67625424e47b6cde6d202dce689ad7af96
  shared_preferences: af6bfa751691cdc24be3045c43ec037377ada40d
  Toast: 91b396c56ee72a5790816f40d3a94dd357abc196

PODFILE CHECKSUM: aafe91acc616949ddb318b77800a7f51bffa2a4c

COCOAPODS: 1.10.1
